
Microsoft Visual Studio Solution File, Format Version 12.00
# Visual Studio Version 17
VisualStudioVersion = 17.11.35327.3
MinimumVisualStudioVersion = 10.0.40219.1
Project("{FAE04EC0-301F-11D3-BF4B-00C04F79EFBC}") = "CountrieLinq", "CountrieLinq.csproj", "{1927D0B4-87A4-4703-9944-DF4751580EDC}"
EndProject
Global
	GlobalSection(SolutionConfigurationPlatforms) = preSolution
		Debug|Any CPU = Debug|Any CPU
		Release|Any CPU = Release|Any CPU
	EndGlobalSection
	GlobalSection(ProjectConfigurationPlatforms) = postSolution
		{1927D0B4-87A4-4703-9944-DF4751580EDC}.Debug|Any CPU.ActiveCfg = Debug|Any CPU
		{1927D0B4-87A4-4703-9944-DF4751580EDC}.Debug|Any CPU.Build.0 = Debug|Any CPU
		{1927D0B4-87A4-4703-9944-DF4751580EDC}.Release|Any CPU.ActiveCfg = Release|Any CPU
		{1927D0B4-87A4-4703-9944-DF4751580EDC}.Release|Any CPU.Build.0 = Release|Any CPU
	EndGlobalSection
	GlobalSection(SolutionProperties) = preSolution
		HideSolutionNode = FALSE
	EndGlobalSection
	GlobalSection(ExtensibilityGlobals) = postSolution
		SolutionGuid = {7FDC86B2-00EE-442E-984B-A7B7764CC956}
	EndGlobalSection
EndGlobal
